Microsoft Visual Studio Solution File, Format Version 12.00
# Visual Studio Version 17
VisualStudioVersion = 17.5.2.0
MinimumVisualStudioVersion = 10.0.40219.1
Project("{FAE04EC0-301F-11D3-BF4B-00C04F79EFBC}") = "dotnetest", "dotnetest.csproj", "{EC0DBA98-B05E-DF1B-30C4-4DF2B67068CD}"
EndProject
Global
	GlobalSection(SolutionConfigurationPlatforms) = preSolution
		Debug|Any CPU = Debug|Any CPU
		Release|Any CPU = Release|Any CPU
	EndGlobalSection
	GlobalSection(ProjectConfigurationPlatforms) = postSolution
		{EC0DBA98-B05E-DF1B-30C4-4DF2B67068CD}.Debug|Any CPU.ActiveCfg = Debug|Any CPU
		{EC0DBA98-B05E-DF1B-30C4-4DF2B67068CD}.Debug|Any CPU.Build.0 = Debug|Any CPU
		{EC0DBA98-B05E-DF1B-30C4-4DF2B67068CD}.Release|Any CPU.ActiveCfg = Release|Any CPU
		{EC0DBA98-B05E-DF1B-30C4-4DF2B67068CD}.Release|Any CPU.Build.0 = Release|Any CPU
	EndGlobalSection
	GlobalSection(SolutionProperties) = preSolution
		HideSolutionNode = FALSE
	EndGlobalSection
	GlobalSection(ExtensibilityGlobals) = postSolution
		SolutionGuid = {5BD3FFDD-C46E-4EB6-904C-ECCB3DF95514}
	EndGlobalSection
EndGlobal
